# This file is generated by running "yarn install" inside your project.
# Manual changes might be lost - proceed with caution!

__metadata:
  version: 6

"@ipaintcode-ds/foundation@workspace:^, @ipaintcode-ds/foundation@workspace:packages/foundation":
  version: 0.0.0-use.local
  resolution: "@ipaintcode-ds/foundation@workspace:packages/foundation"
  languageName: unknown
  linkType: soft

"@ipaintcode-ds/react@workspace:^, @ipaintcode-ds/react@workspace:packages/react":
  version: 0.0.0-use.local
  resolution: "@ipaintcode-ds/react@workspace:packages/react"
  dependencies:
    "@ipaintcode-ds/foundation": "workspace:^"
  languageName: unknown
  linkType: soft

"@ipaintcode-ds/storybook@workspace:packages/storybook":
  version: 0.0.0-use.local
  resolution: "@ipaintcode-ds/storybook@workspace:packages/storybook"
  dependencies:
    "@ipaintcode-ds/foundation": "workspace:^"
    "@ipaintcode-ds/react": "workspace:^"
  languageName: unknown
  linkType: soft

"ipc-design-system-poc@workspace:.":
  version: 0.0.0-use.local
  resolution: "ipc-design-system-poc@workspace:."
  languageName: unknown
  linkType: soft
